// !$*UTF8*$!
{
	archiveVersion = 1;
	classes = {
	};
	objectVersion = 50;
	objects = {

/* Begin PBXBuildFile section */
		633428032701463E00D52040 /* AppDelegate.swift in Sources */ = {isa = PBXBuildFile; fileRef = 633428022701463E00D52040 /* AppDelegate.swift */; };
		633428052701463E00D52040 /* SceneDelegate.swift in Sources */ = {isa = PBXBuildFile; fileRef = 633428042701463E00D52040 /* SceneDelegate.swift */; };
		633428072701463E00D52040 /* ViewController.swift in Sources */ = {isa = PBXBuildFile; fileRef = 633428062701463E00D52040 /* ViewController.swift */; };
		6334280A2701463E00D52040 /* Main.storyboard in Resources */ = {isa = PBXBuildFile; fileRef = 633428082701463E00D52040 /* Main.storyboard */; };
		6334280C2701463F00D52040 /* Assets.xcassets in Resources */ = {isa = PBXBuildFile; fileRef = 6334280B2701463F00D52040 /* Assets.xcassets */; };
		6334280F2701463F00D52040 /* LaunchScreen.storyboard in Resources */ = {isa = PBXBuildFile; fileRef = 6334280D2701463F00D52040 /* LaunchScreen.storyboard */; };
		6334281A2701551800D52040 /* Planets.png in Resources */ = {isa = PBXBuildFile; fileRef = 633428182701551800D52040 /* Planets.png */; };
		6334281B2701551800D52040 /* Duality.gg.png in Resources */ = {isa = PBXBuildFile; fileRef = 633428192701551800D52040 /* Duality.gg.png */; };
		63534A072704D94600018831 /* Leaderboard.png in Resources */ = {isa = PBXBuildFile; fileRef = 63534A052704D94600018831 /* Leaderboard.png */; };
		63534A082704D94600018831 /* BG.png in Resources */ = {isa = PBXBuildFile; fileRef = 63534A062704D94600018831 /* BG.png */; };
		63534A0C2704E32400018831 /* LeaderboardTableViewController.swift in Sources */ = {isa = PBXBuildFile; fileRef = 63534A0B2704E32400018831 /* LeaderboardTableViewController.swift */; };
		63534A102704E81B00018831 /* LeaderboardViewController.swift in Sources */ = {isa = PBXBuildFile; fileRef = 63534A0F2704E81B00018831 /* LeaderboardViewController.swift */; };
/* End PBXBuildFile section */

/* Begin PBXFileReference section */
		633427FF2701463E00D52040 /* Duality.gg.app */ = {isa = PBXFileReference; explicitFileType = wrapper.application; includeInIndex = 0; path = Duality.gg.app; sourceTree = BUILT_PRODUCTS_DIR; };
		633428022701463E00D52040 /* AppDelegate.swift */ = {isa = PBXFileReference; lastKnownFileType = sourcecode.swift; path = AppDelegate.swift; sourceTree = "<group>"; };
		633428042701463E00D52040 /* SceneDelegate.swift */ = {isa = PBXFileReference; lastKnownFileType = sourcecode.swift; path = SceneDelegate.swift; sourceTree = "<group>"; };
		633428062701463E00D52040 /* ViewController.swift */ = {isa = PBXFileReference; lastKnownFileType = sourcecode.swift; path = ViewController.swift; sourceTree = "<group>"; };
		633428092701463E00D52040 /* Base */ = {isa = PBXFileReference; lastKnownFileType = file.storyboard; name = Base; path = Base.lproj/Main.storyboard; sourceTree = "<group>"; };
		6334280B2701463F00D52040 /* Assets.xcassets */ = {isa = PBXFileReference; lastKnownFileType = folder.assetcatalog; path = Assets.xcassets; sourceTree = "<group>"; };
		6334280E2701463F00D52040 /* Base */ = {isa = PBXFileReference; lastKnownFileType = file.storyboard; name = Base; path = Base.lproj/LaunchScreen.storyboard; sourceTree = "<group>"; };
		633428102701463F00D52040 /* Info.plist */ = {isa = PBXFileReference; lastKnownFileType = text.plist.xml; path = Info.plist; sourceTree = "<group>"; };
		633428182701551800D52040 /* Planets.png */ = {isa = PBXFileReference; lastKnownFileType = image.png; path = Planets.png; sourceTree = "<group>"; };
		633428192701551800D52040 /* Duality.gg.png */ = {isa = PBXFileReference; lastKnownFileType = image.png; path = Duality.gg.png; sourceTree = "<group>"; };
		63534A052704D94600018831 /* Leaderboard.png */ = {isa = PBXFileReference; lastKnownFileType = image.png; path = Leaderboard.png; sourceTree = "<group>"; };
		63534A062704D94600018831 /* BG.png */ = {isa = PBXFileReference; lastKnownFileType = image.png; path = BG.png; sourceTree = "<group>"; };
		63534A0B2704E32400018831 /* LeaderboardTableViewController.swift */ = {isa = PBXFileReference; lastKnownFileType = sourcecode.swift; path = LeaderboardTableViewController.swift; sourceTree = "<group>"; };
		63534A0F2704E81B00018831 /* LeaderboardViewController.swift */ = {isa = PBXFileReference; lastKnownFileType = sourcecode.swift; path = LeaderboardViewController.swift; sourceTree = "<group>"; };
/* End PBXFileReference section */

/* Begin PBXFrameworksBuildPhase section */
		633427FC2701463E00D52040 /* Frameworks */ = {
			isa = PBXFrameworksBuildPhase;
			buildActionMask = 2147483647;
			files = (
			);
			runOnlyForDeploymentPostprocessing = 0;
		};
/* End PBXFrameworksBuildPhase section */

/* Begin PBXGroup section */
		633427F62701463E00D52040 = {
			isa = PBXGroup;
			children = (
				633428012701463E00D52040 /* Duality.gg */,
				633428002701463E00D52040 /* Products */,
			);
			sourceTree = "<group>";
		};
		633428002701463E00D52040 /* Products */ = {
			isa = PBXGroup;
			children = (
				633427FF2701463E00D52040 /* Duality.gg.app */,
			);
			name = Products;
			sourceTree = "<group>";
		};
		633428012701463E00D52040 /* Duality.gg */ = {
			isa = PBXGroup;
			children = (
				63534A0A2704E2FF00018831 /* Controllers */,
				63342817270154FA00D52040 /* Assets */,
				633428022701463E00D52040 /* AppDelegate.swift */,
				633428042701463E00D52040 /* SceneDelegate.swift */,
				633428062701463E00D52040 /* ViewController.swift */,
				633428082701463E00D52040 /* Main.storyboard */,
				6334280B2701463F00D52040 /* Assets.xcassets */,
				6334280D2701463F00D52040 /* LaunchScreen.storyboard */,
				633428102701463F00D52040 /* Info.plist */,
			);
			path = Duality.gg;
			sourceTree = "<group>";
		};
		63342817270154FA00D52040 /* Assets */ = {
			isa = PBXGroup;
			children = (
				63534A042704D92F00018831 /* Leaderboard */,
				633428192701551800D52040 /* Duality.gg.png */,
				633428182701551800D52040 /* Planets.png */,
			);
			path = Assets;
			sourceTree = "<group>";
		};
		63534A042704D92F00018831 /* Leaderboard */ = {
			isa = PBXGroup;
			children = (
				63534A062704D94600018831 /* BG.png */,
				63534A052704D94600018831 /* Leaderboard.png */,
			);
			path = Leaderboard;
			sourceTree = "<group>";
		};
		63534A0A2704E2FF00018831 /* Controllers */ = {
			isa = PBXGroup;
			children = (
				63534A0B2704E32400018831 /* LeaderboardTableViewController.swift */,
				63534A0F2704E81B00018831 /* LeaderboardViewController.swift */,
			);
			path = Controllers;
			sourceTree = "<group>";
		};
/* End PBXGroup section */

/* Begin PBXNativeTarget section */
		633427FE2701463E00D52040 /* Duality.gg */ = {
			isa = PBXNativeTarget;
			buildConfigurationList = 633428132701463F00D52040 /* Build configuration list for PBXNativeTarget "Duality.gg" */;
			buildPhases = (
				633427FB2701463E00D52040 /* Sources */,
				633427FC2701463E00D52040 /* Frameworks */,
				633427FD2701463E00D52040 /* Resources */,
			);
			buildRules = (
			);
			dependencies = (
			);
			name = Duality.gg;
			productName = Duality.gg;
			productReference = 633427FF2701463E00D52040 /* Duality.gg.app */;
			productType = "com.apple.product-type.application";
		};
/* End PBXNativeTarget section */

/* Begin PBXProject section */
		633427F72701463E00D52040 /* Project object */ = {
			isa = PBXProject;
			attributes = {
				LastSwiftUpdateCheck = 1240;
				LastUpgradeCheck = 1240;
				TargetAttributes = {
					633427FE2701463E00D52040 = {
						CreatedOnToolsVersion = 12.4;
					};
				};
			};
			buildConfigurationList = 633427FA2701463E00D52040 /* Build configuration list for PBXProject "Duality.gg" */;
			compatibilityVersion = "Xcode 9.3";
			developmentRegion = en;
			hasScannedForEncodings = 0;
			knownRegions = (
				en,
				Base,
			);
			mainGroup = 633427F62701463E00D52040;
			productRefGroup = 633428002701463E00D52040 /* Products */;
			projectDirPath = "";
			projectRoot = "";
			targets = (
				633427FE2701463E00D52040 /* Duality.gg */,
			);
		};
/* End PBXProject section */

/* Begin PBXResourcesBuildPhase section */
		633427FD2701463E00D52040 /* Resources */ = {
			isa = PBXResourcesBuildPhase;
			buildActionMask = 2147483647;
			files = (
				6334280F2701463F00D52040 /* LaunchScreen.storyboard in Resources */,
				6334281B2701551800D52040 /* Duality.gg.png in Resources */,
				6334281A2701551800D52040 /* Planets.png in Resources */,
				6334280C2701463F00D52040 /* Assets.xcassets in Resources */,
				6334280A2701463E00D52040 /* Main.storyboard in Resources */,
				63534A072704D94600018831 /* Leaderboard.png in Resources */,
				63534A082704D94600018831 /* BG.png in Resources */,
			);
			runOnlyForDeploymentPostprocessing = 0;
		};
/* End PBXResourcesBuildPhase section */

/* Begin PBXSourcesBuildPhase section */
		633427FB2701463E00D52040 /* Sources */ = {
			isa = PBXSourcesBuildPhase;
			buildActionMask = 2147483647;
			files = (
				633428072701463E00D52040 /* ViewController.swift in Sources */,
				633428032701463E00D52040 /* AppDelegate.swift in Sources */,
				63534A102704E81B00018831 /* LeaderboardViewController.swift in Sources */,
				633428052701463E00D52040 /* SceneDelegate.swift in Sources */,
				63534A0C2704E32400018831 /* LeaderboardTableViewController.swift in Sources */,
			);
			runOnlyForDeploymentPostprocessing = 0;
		};
/* End PBXSourcesBuildPhase section */

/* Begin PBXVariantGroup section */
		633428082701463E00D52040 /* Main.storyboard */ = {
			isa = PBXVariantGroup;
			children = (
				633428092701463E00D52040 /* Base */,
			);
			name = Main.storyboard;
			sourceTree = "<group>";
		};
		6334280D2701463F00D52040 /* LaunchScreen.storyboard */ = {
			isa = PBXVariantGroup;
			children = (
				6334280E2701463F00D52040 /* Base */,
			);
			name = LaunchScreen.storyboard;
			sourceTree = "<group>";
		};
/* End PBXVariantGroup section */

/* Begin XCBuildConfiguration section */
		633428112701463F00D52040 /* Debug */ = {
			isa = XCBuildConfiguration;
			buildSettings = {
				ALWAYS_SEARCH_USER_PATHS = NO;
				CLANG_ANALYZER_NONNULL = YES;
				CLANG_ANALYZER_NUMBER_OBJECT_CONVERSION = YES_AGGRESSIVE;
				CLANG_CXX_LANGUAGE_STANDARD = "gnu++14";
				CLANG_CXX_LIBRARY = "libc++";
				CLANG_ENABLE_MODULES = YES;
				CLANG_ENABLE_OBJC_ARC = YES;
				CLANG_ENABLE_OBJC_WEAK = YES;
				CLANG_WARN_BLOCK_CAPTURE_AUTORELEASING = YES;
				CLANG_WARN_BOOL_CONVERSION = YES;
				CLANG_WARN_COMMA = YES;
				CLANG_WARN_CONSTANT_CONVERSION = YES;
				CLANG_WARN_DEPRECATED_OBJC_IMPLEMENTATIONS = YES;
				CLANG_WARN_DIRECT_OBJC_ISA_USAGE = YES_ERROR;
				CLANG_WARN_DOCUMENTATION_COMMENTS = YES;
				CLANG_WARN_EMPTY_BODY = YES;
				CLANG_WARN_ENUM_CONVERSION = YES;
				CLANG_WARN_INFINITE_RECURSION = YES;
				CLANG_WARN_INT_CONVERSION = YES;
				CLANG_WARN_NON_LITERAL_NULL_CONVERSION = YES;
				CLANG_WARN_OBJC_IMPLICIT_RETAIN_SELF = YES;
				CLANG_WARN_OBJC_LITERAL_CONVERSION = YES;
				CLANG_WARN_OBJC_ROOT_CLASS = YES_ERROR;
				CLANG_WARN_QUOTED_INCLUDE_IN_FRAMEWORK_HEADER = YES;
				CLANG_WARN_RANGE_LOOP_ANALYSIS = YES;
				CLANG_WARN_STRICT_PROTOTYPES = YES;
				CLANG_WARN_SUSPICIOUS_MOVE = YES;
				CLANG_WARN_UNGUARDED_AVAILABILITY = YES_AGGRESSIVE;
				CLANG_WARN_UNREACHABLE_CODE = YES;
				CLANG_WARN__DUPLICATE_METHOD_MATCH = YES;
				COPY_PHASE_STRIP = NO;
				DEBUG_INFORMATION_FORMAT = dwarf;
				ENABLE_STRICT_OBJC_MSGSEND = YES;
				ENABLE_TESTABILITY = YES;
				GCC_C_LANGUAGE_STANDARD = gnu11;
				GCC_DYNAMIC_NO_PIC = NO;
				GCC_NO_COMMON_BLOCKS = YES;
				GCC_OPTIMIZATION_LEVEL = 0;
				GCC_PREPROCESSOR_DEFINITIONS = (
					"DEBUG=1",
					"$(inherited)",
				);
				GCC_WARN_64_TO_32_BIT_CONVERSION = YES;
				GCC_WARN_ABOUT_RETURN_TYPE = YES_ERROR;
				GCC_WARN_UNDECLARED_SELECTOR = YES;
				GCC_WARN_UNINITIALIZED_AUTOS = YES_AGGRESSIVE;
				GCC_WARN_UNUSED_FUNCTION = YES;
				GCC_WARN_UNUSED_VARIABLE = YES;
				IPHONEOS_DEPLOYMENT_TARGET = 14.4;
				MTL_ENABLE_DEBUG_INFO = INCLUDE_SOURCE;
				MTL_FAST_MATH = YES;
				ONLY_ACTIVE_ARCH = YES;
				SDKROOT = iphoneos;
				SWIFT_ACTIVE_COMPILATION_CONDITIONS = DEBUG;
				SWIFT_OPTIMIZATION_LEVEL = "-Onone";
			};
			name = Debug;
		};
		633428122701463F00D52040 /* Release */ = {
			isa = XCBuildConfiguration;
			buildSettings = {
				ALWAYS_SEARCH_USER_PATHS = NO;
				CLANG_ANALYZER_NONNULL = YES;
				CLANG_ANALYZER_NUMBER_OBJECT_CONVERSION = YES_AGGRESSIVE;
				CLANG_CXX_LANGUAGE_STANDARD = "gnu++14";
				CLANG_CXX_LIBRARY = "libc++";
				CLANG_ENABLE_MODULES = YES;
				CLANG_ENABLE_OBJC_ARC = YES;
				CLANG_ENABLE_OBJC_WEAK = YES;
				CLANG_WARN_BLOCK_CAPTURE_AUTORELEASING = YES;
				CLANG_WARN_BOOL_CONVERSION = YES;
				CLANG_WARN_COMMA = YES;
				CLANG_WARN_CONSTANT_CONVERSION = YES;
				CLANG_WARN_DEPRECATED_OBJC_IMPLEMENTATIONS = YES;
				CLANG_WARN_DIRECT_OBJC_ISA_USAGE = YES_ERROR;
				CLANG_WARN_DOCUMENTATION_COMMENTS = YES;
				CLANG_WARN_EMPTY_BODY = YES;
				CLANG_WARN_ENUM_CONVERSION = YES;
				CLANG_WARN_INFINITE_RECURSION = YES;
				CLANG_WARN_INT_CONVERSION = YES;
				CLANG_WARN_NON_LITERAL_NULL_CONVERSION = YES;
				CLANG_WARN_OBJC_IMPLICIT_RETAIN_SELF = YES;
				CLANG_WARN_OBJC_LITERAL_CONVERSION = YES;
				CLANG_WARN_OBJC_ROOT_CLASS = YES_ERROR;
				CLANG_WARN_QUOTED_INCLUDE_IN_FRAMEWORK_HEADER = YES;
				CLANG_WARN_RANGE_LOOP_ANALYSIS = YES;
				CLANG_WARN_STRICT_PROTOTYPES = YES;
				CLANG_WARN_SUSPICIOUS_MOVE = YES;
				CLANG_WARN_UNGUARDED_AVAILABILITY = YES_AGGRESSIVE;
				CLANG_WARN_UNREACHABLE_CODE = YES;
				CLANG_WARN__DUPLICATE_METHOD_MATCH = YES;
				COPY_PHASE_STRIP = NO;
				DEBUG_INFORMATION_FORMAT = "dwarf-with-dsym";
				ENABLE_NS_ASSERTIONS = NO;
				ENABLE_STRICT_OBJC_MSGSEND = YES;
				GCC_C_LANGUAGE_STANDARD = gnu11;
				GCC_NO_COMMON_BLOCKS = YES;
				GCC_WARN_64_TO_32_BIT_CONVERSION = YES;
				GCC_WARN_ABOUT_RETURN_TYPE = YES_ERROR;
				GCC_WARN_UNDECLARED_SELECTOR = YES;
				GCC_WARN_UNINITIALIZED_AUTOS = YES_AGGRESSIVE;
				GCC_WARN_UNUSED_FUNCTION = YES;
				GCC_WARN_UNUSED_VARIABLE = YES;
				IPHONEOS_DEPLOYMENT_TARGET = 14.4;
				MTL_ENABLE_DEBUG_INFO = NO;
				MTL_FAST_MATH = YES;
				SDKROOT = iphoneos;
				SWIFT_COMPILATION_MODE = wholemodule;
				SWIFT_OPTIMIZATION_LEVEL = "-O";
				VALIDATE_PRODUCT = YES;
			};
			name = Release;
		};
		633428142701463F00D52040 /* Debug */ = {
			isa = XCBuildConfiguration;
			buildSettings = {
				ASSETCATALOG_COMPILER_APPICON_NAME = AppIcon;
				ASSETCATALOG_COMPILER_GLOBAL_ACCENT_COLOR_NAME = AccentColor;
				CODE_SIGN_STYLE = Automatic;
				INFOPLIST_FILE = Duality.gg/Info.plist;
				LD_RUNPATH_SEARCH_PATHS = (
					"$(inherited)",
					"@executable_path/Frameworks",
				);
				PRODUCT_BUNDLE_IDENTIFIER = "team6.Duality-gg";
				PRODUCT_NAME = "$(TARGET_NAME)";
				SWIFT_VERSION = 5.0;
				TARGETED_DEVICE_FAMILY = "1,2";
			};
			name = Debug;
		};
		633428152701463F00D52040 /* Release */ = {
			isa = XCBuildConfiguration;
			buildSettings = {
				ASSETCATALOG_COMPILER_APPICON_NAME = AppIcon;
				ASSETCATALOG_COMPILER_GLOBAL_ACCENT_COLOR_NAME = AccentColor;
				CODE_SIGN_STYLE = Automatic;
				INFOPLIST_FILE = Duality.gg/Info.plist;
				LD_RUNPATH_SEARCH_PATHS = (
					"$(inherited)",
					"@executable_path/Frameworks",
				);
				PRODUCT_BUNDLE_IDENTIFIER = "team6.Duality-gg";
				PRODUCT_NAME = "$(TARGET_NAME)";
				SWIFT_VERSION = 5.0;
				TARGETED_DEVICE_FAMILY = "1,2";
			};
			name = Release;
		};
/* End XCBuildConfiguration section */

/* Begin XCConfigurationList section */
		633427FA2701463E00D52040 /* Build configuration list for PBXProject "Duality.gg" */ = {
			isa = XCConfigurationList;
			buildConfigurations = (
				633428112701463F00D52040 /* Debug */,
				633428122701463F00D52040 /* Release */,
			);
			defaultConfigurationIsVisible = 0;
			defaultConfigurationName = Release;
		};
		633428132701463F00D52040 /* Build configuration list for PBXNativeTarget "Duality.gg" */ = {
			isa = XCConfigurationList;
			buildConfigurations = (
				633428142701463F00D52040 /* Debug */,
				633428152701463F00D52040 /* Release */,
			);
			defaultConfigurationIsVisible = 0;
			defaultConfigurationName = Release;
		};
/* End XCConfigurationList section */
	};
	rootObject = 633427F72701463E00D52040 /* Project object */;
}
