// !$*UTF8*$!
{
	archiveVersion = 1;
	classes = {
	};
	objectVersion = 51;
	objects = {

/* Begin PBXBuildFile section */
		0A91FF71287230405ABCA80F /* Pods_Duality_gg.framework in Frameworks */ = {isa = PBXBuildFile; fileRef = 8FEF880C79BD3388B60ADC1A /* Pods_Duality_gg.framework */; };
		506EAEC6274C50D7005B9885 /* MapViewController.swift in Sources */ = {isa = PBXBuildFile; fileRef = 506EAEC5274C50D7005B9885 /* MapViewController.swift */; };
		508D37532734EBF30041ED65 /* 9lVbaXq.png in Resources */ = {isa = PBXBuildFile; fileRef = 508D37522734EBF30041ED65 /* 9lVbaXq.png */; };
		63146EC3270CC78300262644 /* app_logo.png in Resources */ = {isa = PBXBuildFile; fileRef = 63146EC2270CC78300262644 /* app_logo.png */; };
		6314988E273386D9003A9C81 /* UserDetailViewController.swift in Sources */ = {isa = PBXBuildFile; fileRef = 6314988D273386D9003A9C81 /* UserDetailViewController.swift */; };
		63149E2F270526B100FB77B0 /* profile_bg.png in Resources */ = {isa = PBXBuildFile; fileRef = 63149E2E270526B100FB77B0 /* profile_bg.png */; };
		633428032701463E00D52040 /* AppDelegate.swift in Sources */ = {isa = PBXBuildFile; fileRef = 633428022701463E00D52040 /* AppDelegate.swift */; };
		633428052701463E00D52040 /* SceneDelegate.swift in Sources */ = {isa = PBXBuildFile; fileRef = 633428042701463E00D52040 /* SceneDelegate.swift */; };
		633428072701463E00D52040 /* ViewController.swift in Sources */ = {isa = PBXBuildFile; fileRef = 633428062701463E00D52040 /* ViewController.swift */; };
		6334280A2701463E00D52040 /* Main.storyboard in Resources */ = {isa = PBXBuildFile; fileRef = 633428082701463E00D52040 /* Main.storyboard */; };
		6334280C2701463F00D52040 /* Assets.xcassets in Resources */ = {isa = PBXBuildFile; fileRef = 6334280B2701463F00D52040 /* Assets.xcassets */; };
		6334280F2701463F00D52040 /* LaunchScreen.storyboard in Resources */ = {isa = PBXBuildFile; fileRef = 6334280D2701463F00D52040 /* LaunchScreen.storyboard */; };
		6334281A2701551800D52040 /* Planets.png in Resources */ = {isa = PBXBuildFile; fileRef = 633428182701551800D52040 /* Planets.png */; };
		6334281B2701551800D52040 /* Duality.gg.png in Resources */ = {isa = PBXBuildFile; fileRef = 633428192701551800D52040 /* Duality.gg.png */; };
		6334A5B8270A664E00B9936A /* FindPlayerTableViewController.swift in Sources */ = {isa = PBXBuildFile; fileRef = 6334A5B7270A664E00B9936A /* FindPlayerTableViewController.swift */; };
		6334A5BB270A67AE00B9936A /* Users.swift in Sources */ = {isa = PBXBuildFile; fileRef = 6334A5BA270A67AE00B9936A /* Users.swift */; };
		6334A5BE270A67F200B9936A /* UsersController.swift in Sources */ = {isa = PBXBuildFile; fileRef = 6334A5BD270A67F200B9936A /* UsersController.swift */; };
		63495BF7270BD9D6001F00DF /* battlep.png in Resources */ = {isa = PBXBuildFile; fileRef = 63495BF6270BD9D5001F00DF /* battlep.png */; };
		634CF71E2730E89600240AAD /* AddMatchViewController.swift in Sources */ = {isa = PBXBuildFile; fileRef = 634CF71D2730E89600240AAD /* AddMatchViewController.swift */; };
		63534A072704D94600018831 /* Leaderboard.png in Resources */ = {isa = PBXBuildFile; fileRef = 63534A052704D94600018831 /* Leaderboard.png */; };
		63534A082704D94600018831 /* BG.png in Resources */ = {isa = PBXBuildFile; fileRef = 63534A062704D94600018831 /* BG.png */; };
		63534A0C2704E32400018831 /* LeaderboardTableViewController.swift in Sources */ = {isa = PBXBuildFile; fileRef = 63534A0B2704E32400018831 /* LeaderboardTableViewController.swift */; };
		63534A102704E81B00018831 /* LeaderboardViewController.swift in Sources */ = {isa = PBXBuildFile; fileRef = 63534A0F2704E81B00018831 /* LeaderboardViewController.swift */; };
		63534A152704F4AE00018831 /* Leaderboard.swift in Sources */ = {isa = PBXBuildFile; fileRef = 63534A142704F4AE00018831 /* Leaderboard.swift */; };
		63534A182704F4BC00018831 /* LeaderboardController.swift in Sources */ = {isa = PBXBuildFile; fileRef = 63534A172704F4BC00018831 /* LeaderboardController.swift */; };
		63534A1D2705205B00018831 /* ProfileViewController.swift in Sources */ = {isa = PBXBuildFile; fileRef = 63534A1C2705205B00018831 /* ProfileViewController.swift */; };
		63534A202705216F00018831 /* LoginViewController.swift in Sources */ = {isa = PBXBuildFile; fileRef = 63534A1F2705216F00018831 /* LoginViewController.swift */; };
		6355A5D72731D222007AAE62 /* TabBarViewController.swift in Sources */ = {isa = PBXBuildFile; fileRef = 6355A5D62731D222007AAE62 /* TabBarViewController.swift */; };
		638C57A5275307A3009DA550 /* GoogleService-Info.plist in Resources */ = {isa = PBXBuildFile; fileRef = 638C57A4275307A3009DA550 /* GoogleService-Info.plist */; };
		6391146E272F693C008EDA71 /* UserAuthViewController.swift in Sources */ = {isa = PBXBuildFile; fileRef = 6391146D272F693C008EDA71 /* UserAuthViewController.swift */; };
		63911489272F7DF0008EDA71 /* Constants.swift in Sources */ = {isa = PBXBuildFile; fileRef = 63911488272F7DF0008EDA71 /* Constants.swift */; };
		639BBCD427062AD700ADD933 /* Inmortal.png in Resources */ = {isa = PBXBuildFile; fileRef = 639BBCC127062AD600ADD933 /* Inmortal.png */; };
		639BBCD527062AD700ADD933 /* Reyna.png in Resources */ = {isa = PBXBuildFile; fileRef = 639BBCC227062AD600ADD933 /* Reyna.png */; };
		639BBCD627062AD700ADD933 /* Match_rectangle.png in Resources */ = {isa = PBXBuildFile; fileRef = 639BBCC327062AD600ADD933 /* Match_rectangle.png */; };
		639BBCD727062AD700ADD933 /* Gold.png in Resources */ = {isa = PBXBuildFile; fileRef = 639BBCC427062AD600ADD933 /* Gold.png */; };
		639BBCD827062AD700ADD933 /* Victory_green.png in Resources */ = {isa = PBXBuildFile; fileRef = 639BBCC527062AD600ADD933 /* Victory_green.png */; };
		639BBCD927062AD700ADD933 /* Diamond.png in Resources */ = {isa = PBXBuildFile; fileRef = 639BBCC627062AD600ADD933 /* Diamond.png */; };
		639BBCDA27062AD700ADD933 /* Bronce.png in Resources */ = {isa = PBXBuildFile; fileRef = 639BBCC727062AD600ADD933 /* Bronce.png */; };
		639BBCDB27062AD700ADD933 /* Iron.png in Resources */ = {isa = PBXBuildFile; fileRef = 639BBCC827062AD600ADD933 /* Iron.png */; };
		639BBCDC27062AD700ADD933 /* Radiant.png in Resources */ = {isa = PBXBuildFile; fileRef = 639BBCC927062AD600ADD933 /* Radiant.png */; };
		639BBCDD27062AD700ADD933 /* Breach.png in Resources */ = {isa = PBXBuildFile; fileRef = 639BBCCA27062AD600ADD933 /* Breach.png */; };
		639BBCDE27062AD700ADD933 /* Platinum.png in Resources */ = {isa = PBXBuildFile; fileRef = 639BBCCB27062AD600ADD933 /* Platinum.png */; };
		639BBCDF27062AD700ADD933 /* Defeat_red.png in Resources */ = {isa = PBXBuildFile; fileRef = 639BBCCC27062AD600ADD933 /* Defeat_red.png */; };
		639BBCE027062AD700ADD933 /* Viper.png in Resources */ = {isa = PBXBuildFile; fileRef = 639BBCCD27062AD700ADD933 /* Viper.png */; };
		639BBCE127062AD700ADD933 /* Silver.png in Resources */ = {isa = PBXBuildFile; fileRef = 639BBCCE27062AD700ADD933 /* Silver.png */; };
		639BBCE227062AD700ADD933 /* Sova.png in Resources */ = {isa = PBXBuildFile; fileRef = 639BBCCF27062AD700ADD933 /* Sova.png */; };
		639BBCE327062AD700ADD933 /* Omen.png in Resources */ = {isa = PBXBuildFile; fileRef = 639BBCD027062AD700ADD933 /* Omen.png */; };
		639BBCE427062AD700ADD933 /* Phoenix.png in Resources */ = {isa = PBXBuildFile; fileRef = 639BBCD127062AD700ADD933 /* Phoenix.png */; };
		639BBCE527062AD700ADD933 /* Profile_placeholder.png in Resources */ = {isa = PBXBuildFile; fileRef = 639BBCD227062AD700ADD933 /* Profile_placeholder.png */; };
		639BBCE627062AD700ADD933 /* red_rectangle.png in Resources */ = {isa = PBXBuildFile; fileRef = 639BBCD327062AD700ADD933 /* red_rectangle.png */; };
		639BBCE927062D1800ADD933 /* Map_ascent.png in Resources */ = {isa = PBXBuildFile; fileRef = 639BBCE827062D1800ADD933 /* Map_ascent.png */; };
		63D81FF6270671510004A743 /* Profile.swift in Sources */ = {isa = PBXBuildFile; fileRef = 63D81FF5270671510004A743 /* Profile.swift */; };
		63D81FF9270671610004A743 /* ProfileController.swift in Sources */ = {isa = PBXBuildFile; fileRef = 63D81FF8270671610004A743 /* ProfileController.swift */; };
		63EE9A14270BBD2900137638 /* MatchHistoryTableViewController.swift in Sources */ = {isa = PBXBuildFile; fileRef = 63EE9A13270BBD2900137638 /* MatchHistoryTableViewController.swift */; };
		63EE9A17270BBD4800137638 /* MatchHistory.swift in Sources */ = {isa = PBXBuildFile; fileRef = 63EE9A16270BBD4800137638 /* MatchHistory.swift */; };
		63EE9A1A270BBD5400137638 /* MatchHistoryController.swift in Sources */ = {isa = PBXBuildFile; fileRef = 63EE9A19270BBD5400137638 /* MatchHistoryController.swift */; };
		63EE9A1D270BBFBE00137638 /* MatchHistoryTableViewCell.swift in Sources */ = {isa = PBXBuildFile; fileRef = 63EE9A1C270BBFBE00137638 /* MatchHistoryTableViewCell.swift */; };
		63EFE6552707847F00FAD1F2 /* CalculatorViewController.swift in Sources */ = {isa = PBXBuildFile; fileRef = 63EFE6542707847F00FAD1F2 /* CalculatorViewController.swift */; };
/* End PBXBuildFile section */

/* Begin PBXFileReference section */
		506EAEC5274C50D7005B9885 /* MapViewController.swift */ = {isa = PBXFileReference; lastKnownFileType = sourcecode.swift; path = MapViewController.swift; sourceTree = "<group>"; };
		508D37522734EBF30041ED65 /* 9lVbaXq.png */ = {isa = PBXFileReference; lastKnownFileType = image.png; path = 9lVbaXq.png; sourceTree = "<group>"; };
		63146EC2270CC78300262644 /* app_logo.png */ = {isa = PBXFileReference; lastKnownFileType = image.png; path = app_logo.png; sourceTree = "<group>"; };
		6314988D273386D9003A9C81 /* UserDetailViewController.swift */ = {isa = PBXFileReference; lastKnownFileType = sourcecode.swift; path = UserDetailViewController.swift; sourceTree = "<group>"; };
		63149E2E270526B100FB77B0 /* profile_bg.png */ = {isa = PBXFileReference; lastKnownFileType = image.png; path = profile_bg.png; sourceTree = "<group>"; };
		633427FF2701463E00D52040 /* Duality.gg.app */ = {isa = PBXFileReference; explicitFileType = wrapper.application; includeInIndex = 0; path = Duality.gg.app; sourceTree = BUILT_PRODUCTS_DIR; };
		633428022701463E00D52040 /* AppDelegate.swift */ = {isa = PBXFileReference; lastKnownFileType = sourcecode.swift; path = AppDelegate.swift; sourceTree = "<group>"; };
		633428042701463E00D52040 /* SceneDelegate.swift */ = {isa = PBXFileReference; lastKnownFileType = sourcecode.swift; path = SceneDelegate.swift; sourceTree = "<group>"; };
		633428062701463E00D52040 /* ViewController.swift */ = {isa = PBXFileReference; lastKnownFileType = sourcecode.swift; path = ViewController.swift; sourceTree = "<group>"; };
		633428092701463E00D52040 /* Base */ = {isa = PBXFileReference; lastKnownFileType = file.storyboard; name = Base; path = Base.lproj/Main.storyboard; sourceTree = "<group>"; };
		6334280B2701463F00D52040 /* Assets.xcassets */ = {isa = PBXFileReference; lastKnownFileType = folder.assetcatalog; path = Assets.xcassets; sourceTree = "<group>"; };
		6334280E2701463F00D52040 /* Base */ = {isa = PBXFileReference; lastKnownFileType = file.storyboard; name = Base; path = Base.lproj/LaunchScreen.storyboard; sourceTree = "<group>"; };
		633428102701463F00D52040 /* Info.plist */ = {isa = PBXFileReference; lastKnownFileType = text.plist.xml; path = Info.plist; sourceTree = "<group>"; };
		633428182701551800D52040 /* Planets.png */ = {isa = PBXFileReference; lastKnownFileType = image.png; path = Planets.png; sourceTree = "<group>"; };
		633428192701551800D52040 /* Duality.gg.png */ = {isa = PBXFileReference; lastKnownFileType = image.png; path = Duality.gg.png; sourceTree = "<group>"; };
		6334A5B7270A664E00B9936A /* FindPlayerTableViewController.swift */ = {isa = PBXFileReference; lastKnownFileType = sourcecode.swift; path = FindPlayerTableViewController.swift; sourceTree = "<group>"; };
		6334A5BA270A67AE00B9936A /* Users.swift */ = {isa = PBXFileReference; lastKnownFileType = sourcecode.swift; path = Users.swift; sourceTree = "<group>"; };
		6334A5BD270A67F200B9936A /* UsersController.swift */ = {isa = PBXFileReference; lastKnownFileType = sourcecode.swift; path = UsersController.swift; sourceTree = "<group>"; };
		63495BF6270BD9D5001F00DF /* battlep.png */ = {isa = PBXFileReference; lastKnownFileType = image.png; path = battlep.png; sourceTree = "<group>"; };
		634CF71D2730E89600240AAD /* AddMatchViewController.swift */ = {isa = PBXFileReference; lastKnownFileType = sourcecode.swift; path = AddMatchViewController.swift; sourceTree = "<group>"; };
		63534A052704D94600018831 /* Leaderboard.png */ = {isa = PBXFileReference; lastKnownFileType = image.png; path = Leaderboard.png; sourceTree = "<group>"; };
		63534A062704D94600018831 /* BG.png */ = {isa = PBXFileReference; lastKnownFileType = image.png; path = BG.png; sourceTree = "<group>"; };
		63534A0B2704E32400018831 /* LeaderboardTableViewController.swift */ = {isa = PBXFileReference; lastKnownFileType = sourcecode.swift; path = LeaderboardTableViewController.swift; sourceTree = "<group>"; };
		63534A0F2704E81B00018831 /* LeaderboardViewController.swift */ = {isa = PBXFileReference; lastKnownFileType = sourcecode.swift; path = LeaderboardViewController.swift; sourceTree = "<group>"; };
		63534A142704F4AE00018831 /* Leaderboard.swift */ = {isa = PBXFileReference; lastKnownFileType = sourcecode.swift; path = Leaderboard.swift; sourceTree = "<group>"; };
		63534A172704F4BC00018831 /* LeaderboardController.swift */ = {isa = PBXFileReference; lastKnownFileType = sourcecode.swift; path = LeaderboardController.swift; sourceTree = "<group>"; };
		63534A1C2705205B00018831 /* ProfileViewController.swift */ = {isa = PBXFileReference; lastKnownFileType = sourcecode.swift; path = ProfileViewController.swift; sourceTree = "<group>"; };
		63534A1F2705216F00018831 /* LoginViewController.swift */ = {isa = PBXFileReference; lastKnownFileType = sourcecode.swift; path = LoginViewController.swift; sourceTree = "<group>"; };
		6355A5D62731D222007AAE62 /* TabBarViewController.swift */ = {isa = PBXFileReference; lastKnownFileType = sourcecode.swift; path = TabBarViewController.swift; sourceTree = "<group>"; };
		638C57A4275307A3009DA550 /* GoogleService-Info.plist */ = {isa = PBXFileReference; fileEncoding = 4; lastKnownFileType = text.plist.xml; path = "GoogleService-Info.plist"; sourceTree = "<group>"; };
		6391146D272F693C008EDA71 /* UserAuthViewController.swift */ = {isa = PBXFileReference; lastKnownFileType = sourcecode.swift; path = UserAuthViewController.swift; sourceTree = "<group>"; };
		63911488272F7DF0008EDA71 /* Constants.swift */ = {isa = PBXFileReference; lastKnownFileType = sourcecode.swift; path = Constants.swift; sourceTree = "<group>"; };
		639BBCC127062AD600ADD933 /* Inmortal.png */ = {isa = PBXFileReference; lastKnownFileType = image.png; path = Inmortal.png; sourceTree = "<group>"; };
		639BBCC227062AD600ADD933 /* Reyna.png */ = {isa = PBXFileReference; lastKnownFileType = image.png; path = Reyna.png; sourceTree = "<group>"; };
		639BBCC327062AD600ADD933 /* Match_rectangle.png */ = {isa = PBXFileReference; lastKnownFileType = image.png; path = Match_rectangle.png; sourceTree = "<group>"; };
		639BBCC427062AD600ADD933 /* Gold.png */ = {isa = PBXFileReference; lastKnownFileType = image.png; path = Gold.png; sourceTree = "<group>"; };
		639BBCC527062AD600ADD933 /* Victory_green.png */ = {isa = PBXFileReference; lastKnownFileType = image.png; path = Victory_green.png; sourceTree = "<group>"; };
		639BBCC627062AD600ADD933 /* Diamond.png */ = {isa = PBXFileReference; lastKnownFileType = image.png; path = Diamond.png; sourceTree = "<group>"; };
		639BBCC727062AD600ADD933 /* Bronce.png */ = {isa = PBXFileReference; lastKnownFileType = image.png; path = Bronce.png; sourceTree = "<group>"; };
		639BBCC827062AD600ADD933 /* Iron.png */ = {isa = PBXFileReference; lastKnownFileType = image.png; path = Iron.png; sourceTree = "<group>"; };
		639BBCC927062AD600ADD933 /* Radiant.png */ = {isa = PBXFileReference; lastKnownFileType = image.png; path = Radiant.png; sourceTree = "<group>"; };
		639BBCCA27062AD600ADD933 /* Breach.png */ = {isa = PBXFileReference; lastKnownFileType = image.png; path = Breach.png; sourceTree = "<group>"; };
		639BBCCB27062AD600ADD933 /* Platinum.png */ = {isa = PBXFileReference; lastKnownFileType = image.png; path = Platinum.png; sourceTree = "<group>"; };
		639BBCCC27062AD600ADD933 /* Defeat_red.png */ = {isa = PBXFileReference; lastKnownFileType = image.png; path = Defeat_red.png; sourceTree = "<group>"; };
		639BBCCD27062AD700ADD933 /* Viper.png */ = {isa = PBXFileReference; lastKnownFileType = image.png; path = Viper.png; sourceTree = "<group>"; };
		639BBCCE27062AD700ADD933 /* Silver.png */ = {isa = PBXFileReference; lastKnownFileType = image.png; path = Silver.png; sourceTree = "<group>"; };
		639BBCCF27062AD700ADD933 /* Sova.png */ = {isa = PBXFileReference; lastKnownFileType = image.png; path = Sova.png; sourceTree = "<group>"; };
		639BBCD027062AD700ADD933 /* Omen.png */ = {isa = PBXFileReference; lastKnownFileType = image.png; path = Omen.png; sourceTree = "<group>"; };
		639BBCD127062AD700ADD933 /* Phoenix.png */ = {isa = PBXFileReference; lastKnownFileType = image.png; path = Phoenix.png; sourceTree = "<group>"; };
		639BBCD227062AD700ADD933 /* Profile_placeholder.png */ = {isa = PBXFileReference; lastKnownFileType = image.png; path = Profile_placeholder.png; sourceTree = "<group>"; };
		639BBCD327062AD700ADD933 /* red_rectangle.png */ = {isa = PBXFileReference; lastKnownFileType = image.png; path = red_rectangle.png; sourceTree = "<group>"; };
		639BBCE827062D1800ADD933 /* Map_ascent.png */ = {isa = PBXFileReference; lastKnownFileType = image.png; path = Map_ascent.png; sourceTree = "<group>"; };
		63D81FF5270671510004A743 /* Profile.swift */ = {isa = PBXFileReference; lastKnownFileType = sourcecode.swift; path = Profile.swift; sourceTree = "<group>"; };
		63D81FF8270671610004A743 /* ProfileController.swift */ = {isa = PBXFileReference; lastKnownFileType = sourcecode.swift; path = ProfileController.swift; sourceTree = "<group>"; };
		63EE9A13270BBD2900137638 /* MatchHistoryTableViewController.swift */ = {isa = PBXFileReference; lastKnownFileType = sourcecode.swift; path = MatchHistoryTableViewController.swift; sourceTree = "<group>"; };
		63EE9A16270BBD4800137638 /* MatchHistory.swift */ = {isa = PBXFileReference; lastKnownFileType = sourcecode.swift; path = MatchHistory.swift; sourceTree = "<group>"; };
		63EE9A19270BBD5400137638 /* MatchHistoryController.swift */ = {isa = PBXFileReference; lastKnownFileType = sourcecode.swift; path = MatchHistoryController.swift; sourceTree = "<group>"; };
		63EE9A1C270BBFBE00137638 /* MatchHistoryTableViewCell.swift */ = {isa = PBXFileReference; lastKnownFileType = sourcecode.swift; path = MatchHistoryTableViewCell.swift; sourceTree = "<group>"; };
		63EFE6542707847F00FAD1F2 /* CalculatorViewController.swift */ = {isa = PBXFileReference; lastKnownFileType = sourcecode.swift; path = CalculatorViewController.swift; sourceTree = "<group>"; };
		8FEF880C79BD3388B60ADC1A /* Pods_Duality_gg.framework */ = {isa = PBXFileReference; explicitFileType = wrapper.framework; includeInIndex = 0; path = Pods_Duality_gg.framework; sourceTree = BUILT_PRODUCTS_DIR; };
		975074A90C5E026A3D01E906 /* Pods-Duality.gg.debug.xcconfig */ = {isa = PBXFileReference; includeInIndex = 1; lastKnownFileType = text.xcconfig; name = "Pods-Duality.gg.debug.xcconfig"; path = "Target Support Files/Pods-Duality.gg/Pods-Duality.gg.debug.xcconfig"; sourceTree = "<group>"; };
		CE4F76A439CD19D5066A2474 /* Pods-Duality.gg.release.xcconfig */ = {isa = PBXFileReference; includeInIndex = 1; lastKnownFileType = text.xcconfig; name = "Pods-Duality.gg.release.xcconfig"; path = "Target Support Files/Pods-Duality.gg/Pods-Duality.gg.release.xcconfig"; sourceTree = "<group>"; };
/* End PBXFileReference section */

/* Begin PBXFrameworksBuildPhase section */
		633427FC2701463E00D52040 /* Frameworks */ = {
			isa = PBXFrameworksBuildPhase;
			buildActionMask = 2147483647;
			files = (
				0A91FF71287230405ABCA80F /* Pods_Duality_gg.framework in Frameworks */,
			);
			runOnlyForDeploymentPostprocessing = 0;
		};
/* End PBXFrameworksBuildPhase section */

/* Begin PBXGroup section */
		633427F62701463E00D52040 = {
			isa = PBXGroup;
			children = (
				633428012701463E00D52040 /* Duality.gg */,
				633428002701463E00D52040 /* Products */,
				86F04812AF976BE107AB69BA /* Pods */,
				9AB4030ECF01CD70DA4393E0 /* Frameworks */,
			);
			sourceTree = "<group>";
		};
		633428002701463E00D52040 /* Products */ = {
			isa = PBXGroup;
			children = (
				633427FF2701463E00D52040 /* Duality.gg.app */,
			);
			name = Products;
			sourceTree = "<group>";
		};
		633428012701463E00D52040 /* Duality.gg */ = {
			isa = PBXGroup;
			children = (
				63911487272F7DD6008EDA71 /* Helpers */,
				63534A132704F4A100018831 /* Models */,
				63534A0A2704E2FF00018831 /* Controllers */,
				63342817270154FA00D52040 /* Assets */,
				633428022701463E00D52040 /* AppDelegate.swift */,
				633428042701463E00D52040 /* SceneDelegate.swift */,
				633428062701463E00D52040 /* ViewController.swift */,
				633428082701463E00D52040 /* Main.storyboard */,
				6334280B2701463F00D52040 /* Assets.xcassets */,
				6334280D2701463F00D52040 /* LaunchScreen.storyboard */,
				633428102701463F00D52040 /* Info.plist */,
				638C57A4275307A3009DA550 /* GoogleService-Info.plist */,
			);
			path = Duality.gg;
			sourceTree = "<group>";
		};
		63342817270154FA00D52040 /* Assets */ = {
			isa = PBXGroup;
			children = (
				508D37522734EBF30041ED65 /* 9lVbaXq.png */,
				63146EC2270CC78300262644 /* app_logo.png */,
				63495BF6270BD9D5001F00DF /* battlep.png */,
				639BBCC027062AB800ADD933 /* Profile */,
				63149E2E270526B100FB77B0 /* profile_bg.png */,
				63534A042704D92F00018831 /* Leaderboard */,
				633428192701551800D52040 /* Duality.gg.png */,
				633428182701551800D52040 /* Planets.png */,
			);
			path = Assets;
			sourceTree = "<group>";
		};
		634CF71B2730E37000240AAD /* Chars */ = {
			isa = PBXGroup;
			children = (
				639BBCD027062AD700ADD933 /* Omen.png */,
				639BBCD127062AD700ADD933 /* Phoenix.png */,
				639BBCC227062AD600ADD933 /* Reyna.png */,
				639BBCCF27062AD700ADD933 /* Sova.png */,
				639BBCCD27062AD700ADD933 /* Viper.png */,
				639BBCCA27062AD600ADD933 /* Breach.png */,
			);
			path = Chars;
			sourceTree = "<group>";
		};
		63534A042704D92F00018831 /* Leaderboard */ = {
			isa = PBXGroup;
			children = (
				63534A062704D94600018831 /* BG.png */,
				63534A052704D94600018831 /* Leaderboard.png */,
			);
			path = Leaderboard;
			sourceTree = "<group>";
		};
		63534A0A2704E2FF00018831 /* Controllers */ = {
			isa = PBXGroup;
			children = (
				63534A0B2704E32400018831 /* LeaderboardTableViewController.swift */,
				63534A0F2704E81B00018831 /* LeaderboardViewController.swift */,
				63534A1C2705205B00018831 /* ProfileViewController.swift */,
				63534A1F2705216F00018831 /* LoginViewController.swift */,
				63EFE6542707847F00FAD1F2 /* CalculatorViewController.swift */,
				6334A5B7270A664E00B9936A /* FindPlayerTableViewController.swift */,
				63EE9A13270BBD2900137638 /* MatchHistoryTableViewController.swift */,
				63EE9A1C270BBFBE00137638 /* MatchHistoryTableViewCell.swift */,
				6391146D272F693C008EDA71 /* UserAuthViewController.swift */,
				634CF71D2730E89600240AAD /* AddMatchViewController.swift */,
				6355A5D62731D222007AAE62 /* TabBarViewController.swift */,
				506EAEC5274C50D7005B9885 /* MapViewController.swift */,
			);
			path = Controllers;
			sourceTree = "<group>";
		};
		63534A132704F4A100018831 /* Models */ = {
			isa = PBXGroup;
			children = (
				63534A142704F4AE00018831 /* Leaderboard.swift */,
				63534A172704F4BC00018831 /* LeaderboardController.swift */,
				63D81FF5270671510004A743 /* Profile.swift */,
				63D81FF8270671610004A743 /* ProfileController.swift */,
				6334A5BA270A67AE00B9936A /* Users.swift */,
				6334A5BD270A67F200B9936A /* UsersController.swift */,
				63EE9A16270BBD4800137638 /* MatchHistory.swift */,
				6314988D273386D9003A9C81 /* UserDetailViewController.swift */,
				63EE9A19270BBD5400137638 /* MatchHistoryController.swift */,
			);
			path = Models;
			sourceTree = "<group>";
		};
		63911487272F7DD6008EDA71 /* Helpers */ = {
			isa = PBXGroup;
			children = (
				63911488272F7DF0008EDA71 /* Constants.swift */,
			);
			path = Helpers;
			sourceTree = "<group>";
		};
		639BBCC027062AB800ADD933 /* Profile */ = {
			isa = PBXGroup;
			children = (
				634CF71B2730E37000240AAD /* Chars */,
				639BBCE827062D1800ADD933 /* Map_ascent.png */,
				639BBCC727062AD600ADD933 /* Bronce.png */,
				639BBCCC27062AD600ADD933 /* Defeat_red.png */,
				639BBCC627062AD600ADD933 /* Diamond.png */,
				639BBCC427062AD600ADD933 /* Gold.png */,
				639BBCC127062AD600ADD933 /* Inmortal.png */,
				639BBCC827062AD600ADD933 /* Iron.png */,
				639BBCC327062AD600ADD933 /* Match_rectangle.png */,
				639BBCCB27062AD600ADD933 /* Platinum.png */,
				639BBCD227062AD700ADD933 /* Profile_placeholder.png */,
				639BBCC927062AD600ADD933 /* Radiant.png */,
				639BBCD327062AD700ADD933 /* red_rectangle.png */,
				639BBCCE27062AD700ADD933 /* Silver.png */,
				639BBCC527062AD600ADD933 /* Victory_green.png */,
			);
			path = Profile;
			sourceTree = "<group>";
		};
		86F04812AF976BE107AB69BA /* Pods */ = {
			isa = PBXGroup;
			children = (
				975074A90C5E026A3D01E906 /* Pods-Duality.gg.debug.xcconfig */,
				CE4F76A439CD19D5066A2474 /* Pods-Duality.gg.release.xcconfig */,
			);
			path = Pods;
			sourceTree = "<group>";
		};
		9AB4030ECF01CD70DA4393E0 /* Frameworks */ = {
			isa = PBXGroup;
			children = (
				8FEF880C79BD3388B60ADC1A /* Pods_Duality_gg.framework */,
			);
			name = Frameworks;
			sourceTree = "<group>";
		};
/* End PBXGroup section */

/* Begin PBXNativeTarget section */
		633427FE2701463E00D52040 /* Duality.gg */ = {
			isa = PBXNativeTarget;
			buildConfigurationList = 633428132701463F00D52040 /* Build configuration list for PBXNativeTarget "Duality.gg" */;
			buildPhases = (
				46388F914991B2498F741F7A /* [CP] Check Pods Manifest.lock */,
				633427FB2701463E00D52040 /* Sources */,
				633427FC2701463E00D52040 /* Frameworks */,
				633427FD2701463E00D52040 /* Resources */,
				7AA8550163B59A47CDB8851B /* [CP] Embed Pods Frameworks */,
			);
			buildRules = (
			);
			dependencies = (
			);
			name = Duality.gg;
			productName = Duality.gg;
			productReference = 633427FF2701463E00D52040 /* Duality.gg.app */;
			productType = "com.apple.product-type.application";
		};
/* End PBXNativeTarget section */

/* Begin PBXProject section */
		633427F72701463E00D52040 /* Project object */ = {
			isa = PBXProject;
			attributes = {
				LastSwiftUpdateCheck = 1240;
				LastUpgradeCheck = 1240;
				TargetAttributes = {
					633427FE2701463E00D52040 = {
						CreatedOnToolsVersion = 12.4;
					};
				};
			};
			buildConfigurationList = 633427FA2701463E00D52040 /* Build configuration list for PBXProject "Duality.gg" */;
			compatibilityVersion = "Xcode 9.3";
			developmentRegion = en;
			hasScannedForEncodings = 0;
			knownRegions = (
				en,
				Base,
			);
			mainGroup = 633427F62701463E00D52040;
			productRefGroup = 633428002701463E00D52040 /* Products */;
			projectDirPath = "";
			projectRoot = "";
			targets = (
				633427FE2701463E00D52040 /* Duality.gg */,
			);
		};
/* End PBXProject section */

/* Begin PBXResourcesBuildPhase section */
		633427FD2701463E00D52040 /* Resources */ = {
			isa = PBXResourcesBuildPhase;
			buildActionMask = 2147483647;
			files = (
				639BBCE927062D1800ADD933 /* Map_ascent.png in Resources */,
				639BBCE427062AD700ADD933 /* Phoenix.png in Resources */,
				63146EC3270CC78300262644 /* app_logo.png in Resources */,
				639BBCE627062AD700ADD933 /* red_rectangle.png in Resources */,
				639BBCDD27062AD700ADD933 /* Breach.png in Resources */,
				508D37532734EBF30041ED65 /* 9lVbaXq.png in Resources */,
				6334280F2701463F00D52040 /* LaunchScreen.storyboard in Resources */,
				639BBCD527062AD700ADD933 /* Reyna.png in Resources */,
				639BBCD627062AD700ADD933 /* Match_rectangle.png in Resources */,
				639BBCDB27062AD700ADD933 /* Iron.png in Resources */,
				639BBCDC27062AD700ADD933 /* Radiant.png in Resources */,
				6334281B2701551800D52040 /* Duality.gg.png in Resources */,
				63495BF7270BD9D6001F00DF /* battlep.png in Resources */,
				639BBCD827062AD700ADD933 /* Victory_green.png in Resources */,
				639BBCE127062AD700ADD933 /* Silver.png in Resources */,
				639BBCDF27062AD700ADD933 /* Defeat_red.png in Resources */,
				63149E2F270526B100FB77B0 /* profile_bg.png in Resources */,
				6334281A2701551800D52040 /* Planets.png in Resources */,
				6334280C2701463F00D52040 /* Assets.xcassets in Resources */,
				639BBCDE27062AD700ADD933 /* Platinum.png in Resources */,
				639BBCD927062AD700ADD933 /* Diamond.png in Resources */,
				639BBCE227062AD700ADD933 /* Sova.png in Resources */,
				639BBCDA27062AD700ADD933 /* Bronce.png in Resources */,
				6334280A2701463E00D52040 /* Main.storyboard in Resources */,
				639BBCE327062AD700ADD933 /* Omen.png in Resources */,
				638C57A5275307A3009DA550 /* GoogleService-Info.plist in Resources */,
				63534A072704D94600018831 /* Leaderboard.png in Resources */,
				639BBCE027062AD700ADD933 /* Viper.png in Resources */,
				639BBCD727062AD700ADD933 /* Gold.png in Resources */,
				639BBCE527062AD700ADD933 /* Profile_placeholder.png in Resources */,
				639BBCD427062AD700ADD933 /* Inmortal.png in Resources */,
				63534A082704D94600018831 /* BG.png in Resources */,
			);
			runOnlyForDeploymentPostprocessing = 0;
		};
/* End PBXResourcesBuildPhase section */

/* Begin PBXShellScriptBuildPhase section */
		46388F914991B2498F741F7A /* [CP] Check Pods Manifest.lock */ = {
			isa = PBXShellScriptBuildPhase;
			buildActionMask = 2147483647;
			files = (
			);
			inputFileListPaths = (
			);
			inputPaths = (
				"${PODS_PODFILE_DIR_PATH}/Podfile.lock",
				"${PODS_ROOT}/Manifest.lock",
			);
			name = "[CP] Check Pods Manifest.lock";
			outputFileListPaths = (
			);
			outputPaths = (
				"$(DERIVED_FILE_DIR)/Pods-Duality.gg-checkManifestLockResult.txt",
			);
			runOnlyForDeploymentPostprocessing = 0;
			shellPath = /bin/sh;
			shellScript = "diff \"${PODS_PODFILE_DIR_PATH}/Podfile.lock\" \"${PODS_ROOT}/Manifest.lock\" > /dev/null\nif [ $? != 0 ] ; then\n    # print error to STDERR\n    echo \"error: The sandbox is not in sync with the Podfile.lock. Run 'pod install' or update your CocoaPods installation.\" >&2\n    exit 1\nfi\n# This output is used by Xcode 'outputs' to avoid re-running this script phase.\necho \"SUCCESS\" > \"${SCRIPT_OUTPUT_FILE_0}\"\n";
			showEnvVarsInLog = 0;
		};
		7AA8550163B59A47CDB8851B /* [CP] Embed Pods Frameworks */ = {
			isa = PBXShellScriptBuildPhase;
			buildActionMask = 2147483647;
			files = (
			);
			inputFileListPaths = (
				"${PODS_ROOT}/Target Support Files/Pods-Duality.gg/Pods-Duality.gg-frameworks-${CONFIGURATION}-input-files.xcfilelist",
			);
			name = "[CP] Embed Pods Frameworks";
			outputFileListPaths = (
				"${PODS_ROOT}/Target Support Files/Pods-Duality.gg/Pods-Duality.gg-frameworks-${CONFIGURATION}-output-files.xcfilelist",
			);
			runOnlyForDeploymentPostprocessing = 0;
			shellPath = /bin/sh;
			shellScript = "\"${PODS_ROOT}/Target Support Files/Pods-Duality.gg/Pods-Duality.gg-frameworks.sh\"\n";
			showEnvVarsInLog = 0;
		};
/* End PBXShellScriptBuildPhase section */

/* Begin PBXSourcesBuildPhase section */
		633427FB2701463E00D52040 /* Sources */ = {
			isa = PBXSourcesBuildPhase;
			buildActionMask = 2147483647;
			files = (
				6334A5B8270A664E00B9936A /* FindPlayerTableViewController.swift in Sources */,
				63534A202705216F00018831 /* LoginViewController.swift in Sources */,
				6314988E273386D9003A9C81 /* UserDetailViewController.swift in Sources */,
				63EE9A1A270BBD5400137638 /* MatchHistoryController.swift in Sources */,
				63EE9A1D270BBFBE00137638 /* MatchHistoryTableViewCell.swift in Sources */,
				63D81FF6270671510004A743 /* Profile.swift in Sources */,
				633428072701463E00D52040 /* ViewController.swift in Sources */,
				63534A182704F4BC00018831 /* LeaderboardController.swift in Sources */,
				506EAEC6274C50D7005B9885 /* MapViewController.swift in Sources */,
				63534A152704F4AE00018831 /* Leaderboard.swift in Sources */,
				63EE9A14270BBD2900137638 /* MatchHistoryTableViewController.swift in Sources */,
				6334A5BB270A67AE00B9936A /* Users.swift in Sources */,
				634CF71E2730E89600240AAD /* AddMatchViewController.swift in Sources */,
				633428032701463E00D52040 /* AppDelegate.swift in Sources */,
				63911489272F7DF0008EDA71 /* Constants.swift in Sources */,
				63534A102704E81B00018831 /* LeaderboardViewController.swift in Sources */,
				63D81FF9270671610004A743 /* ProfileController.swift in Sources */,
				6355A5D72731D222007AAE62 /* TabBarViewController.swift in Sources */,
				633428052701463E00D52040 /* SceneDelegate.swift in Sources */,
				6334A5BE270A67F200B9936A /* UsersController.swift in Sources */,
				63534A1D2705205B00018831 /* ProfileViewController.swift in Sources */,
				63EFE6552707847F00FAD1F2 /* CalculatorViewController.swift in Sources */,
				63EE9A17270BBD4800137638 /* MatchHistory.swift in Sources */,
				63534A0C2704E32400018831 /* LeaderboardTableViewController.swift in Sources */,
				6391146E272F693C008EDA71 /* UserAuthViewController.swift in Sources */,
			);
			runOnlyForDeploymentPostprocessing = 0;
		};
/* End PBXSourcesBuildPhase section */

/* Begin PBXVariantGroup section */
		633428082701463E00D52040 /* Main.storyboard */ = {
			isa = PBXVariantGroup;
			children = (
				633428092701463E00D52040 /* Base */,
			);
			name = Main.storyboard;
			sourceTree = "<group>";
		};
		6334280D2701463F00D52040 /* LaunchScreen.storyboard */ = {
			isa = PBXVariantGroup;
			children = (
				6334280E2701463F00D52040 /* Base */,
			);
			name = LaunchScreen.storyboard;
			sourceTree = "<group>";
		};
/* End PBXVariantGroup section */

/* Begin XCBuildConfiguration section */
		633428112701463F00D52040 /* Debug */ = {
			isa = XCBuildConfiguration;
			buildSettings = {
				ALWAYS_SEARCH_USER_PATHS = NO;
				CLANG_ANALYZER_NONNULL = YES;
				CLANG_ANALYZER_NUMBER_OBJECT_CONVERSION = YES_AGGRESSIVE;
				CLANG_CXX_LANGUAGE_STANDARD = "gnu++14";
				CLANG_CXX_LIBRARY = "libc++";
				CLANG_ENABLE_MODULES = YES;
				CLANG_ENABLE_OBJC_ARC = YES;
				CLANG_ENABLE_OBJC_WEAK = YES;
				CLANG_WARN_BLOCK_CAPTURE_AUTORELEASING = YES;
				CLANG_WARN_BOOL_CONVERSION = YES;
				CLANG_WARN_COMMA = YES;
				CLANG_WARN_CONSTANT_CONVERSION = YES;
				CLANG_WARN_DEPRECATED_OBJC_IMPLEMENTATIONS = YES;
				CLANG_WARN_DIRECT_OBJC_ISA_USAGE = YES_ERROR;
				CLANG_WARN_DOCUMENTATION_COMMENTS = YES;
				CLANG_WARN_EMPTY_BODY = YES;
				CLANG_WARN_ENUM_CONVERSION = YES;
				CLANG_WARN_INFINITE_RECURSION = YES;
				CLANG_WARN_INT_CONVERSION = YES;
				CLANG_WARN_NON_LITERAL_NULL_CONVERSION = YES;
				CLANG_WARN_OBJC_IMPLICIT_RETAIN_SELF = YES;
				CLANG_WARN_OBJC_LITERAL_CONVERSION = YES;
				CLANG_WARN_OBJC_ROOT_CLASS = YES_ERROR;
				CLANG_WARN_QUOTED_INCLUDE_IN_FRAMEWORK_HEADER = YES;
				CLANG_WARN_RANGE_LOOP_ANALYSIS = YES;
				CLANG_WARN_STRICT_PROTOTYPES = YES;
				CLANG_WARN_SUSPICIOUS_MOVE = YES;
				CLANG_WARN_UNGUARDED_AVAILABILITY = YES_AGGRESSIVE;
				CLANG_WARN_UNREACHABLE_CODE = YES;
				CLANG_WARN__DUPLICATE_METHOD_MATCH = YES;
				COPY_PHASE_STRIP = NO;
				DEBUG_INFORMATION_FORMAT = dwarf;
				ENABLE_STRICT_OBJC_MSGSEND = YES;
				ENABLE_TESTABILITY = YES;
				GCC_C_LANGUAGE_STANDARD = gnu11;
				GCC_DYNAMIC_NO_PIC = NO;
				GCC_NO_COMMON_BLOCKS = YES;
				GCC_OPTIMIZATION_LEVEL = 0;
				GCC_PREPROCESSOR_DEFINITIONS = (
					"DEBUG=1",
					"$(inherited)",
				);
				GCC_WARN_64_TO_32_BIT_CONVERSION = YES;
				GCC_WARN_ABOUT_RETURN_TYPE = YES_ERROR;
				GCC_WARN_UNDECLARED_SELECTOR = YES;
				GCC_WARN_UNINITIALIZED_AUTOS = YES_AGGRESSIVE;
				GCC_WARN_UNUSED_FUNCTION = YES;
				GCC_WARN_UNUSED_VARIABLE = YES;
				IPHONEOS_DEPLOYMENT_TARGET = 14.4;
				MTL_ENABLE_DEBUG_INFO = INCLUDE_SOURCE;
				MTL_FAST_MATH = YES;
				ONLY_ACTIVE_ARCH = YES;
				SDKROOT = iphoneos;
				SWIFT_ACTIVE_COMPILATION_CONDITIONS = DEBUG;
				SWIFT_OPTIMIZATION_LEVEL = "-Onone";
			};
			name = Debug;
		};
		633428122701463F00D52040 /* Release */ = {
			isa = XCBuildConfiguration;
			buildSettings = {
				ALWAYS_SEARCH_USER_PATHS = NO;
				CLANG_ANALYZER_NONNULL = YES;
				CLANG_ANALYZER_NUMBER_OBJECT_CONVERSION = YES_AGGRESSIVE;
				CLANG_CXX_LANGUAGE_STANDARD = "gnu++14";
				CLANG_CXX_LIBRARY = "libc++";
				CLANG_ENABLE_MODULES = YES;
				CLANG_ENABLE_OBJC_ARC = YES;
				CLANG_ENABLE_OBJC_WEAK = YES;
				CLANG_WARN_BLOCK_CAPTURE_AUTORELEASING = YES;
				CLANG_WARN_BOOL_CONVERSION = YES;
				CLANG_WARN_COMMA = YES;
				CLANG_WARN_CONSTANT_CONVERSION = YES;
				CLANG_WARN_DEPRECATED_OBJC_IMPLEMENTATIONS = YES;
				CLANG_WARN_DIRECT_OBJC_ISA_USAGE = YES_ERROR;
				CLANG_WARN_DOCUMENTATION_COMMENTS = YES;
				CLANG_WARN_EMPTY_BODY = YES;
				CLANG_WARN_ENUM_CONVERSION = YES;
				CLANG_WARN_INFINITE_RECURSION = YES;
				CLANG_WARN_INT_CONVERSION = YES;
				CLANG_WARN_NON_LITERAL_NULL_CONVERSION = YES;
				CLANG_WARN_OBJC_IMPLICIT_RETAIN_SELF = YES;
				CLANG_WARN_OBJC_LITERAL_CONVERSION = YES;
				CLANG_WARN_OBJC_ROOT_CLASS = YES_ERROR;
				CLANG_WARN_QUOTED_INCLUDE_IN_FRAMEWORK_HEADER = YES;
				CLANG_WARN_RANGE_LOOP_ANALYSIS = YES;
				CLANG_WARN_STRICT_PROTOTYPES = YES;
				CLANG_WARN_SUSPICIOUS_MOVE = YES;
				CLANG_WARN_UNGUARDED_AVAILABILITY = YES_AGGRESSIVE;
				CLANG_WARN_UNREACHABLE_CODE = YES;
				CLANG_WARN__DUPLICATE_METHOD_MATCH = YES;
				COPY_PHASE_STRIP = NO;
				DEBUG_INFORMATION_FORMAT = "dwarf-with-dsym";
				ENABLE_NS_ASSERTIONS = NO;
				ENABLE_STRICT_OBJC_MSGSEND = YES;
				GCC_C_LANGUAGE_STANDARD = gnu11;
				GCC_NO_COMMON_BLOCKS = YES;
				GCC_WARN_64_TO_32_BIT_CONVERSION = YES;
				GCC_WARN_ABOUT_RETURN_TYPE = YES_ERROR;
				GCC_WARN_UNDECLARED_SELECTOR = YES;
				GCC_WARN_UNINITIALIZED_AUTOS = YES_AGGRESSIVE;
				GCC_WARN_UNUSED_FUNCTION = YES;
				GCC_WARN_UNUSED_VARIABLE = YES;
				IPHONEOS_DEPLOYMENT_TARGET = 14.4;
				MTL_ENABLE_DEBUG_INFO = NO;
				MTL_FAST_MATH = YES;
				SDKROOT = iphoneos;
				SWIFT_COMPILATION_MODE = wholemodule;
				SWIFT_OPTIMIZATION_LEVEL = "-O";
				VALIDATE_PRODUCT = YES;
			};
			name = Release;
		};
		633428142701463F00D52040 /* Debug */ = {
			isa = XCBuildConfiguration;
			baseConfigurationReference = 975074A90C5E026A3D01E906 /* Pods-Duality.gg.debug.xcconfig */;
			buildSettings = {
				ASSETCATALOG_COMPILER_APPICON_NAME = AppIcon;
				ASSETCATALOG_COMPILER_GLOBAL_ACCENT_COLOR_NAME = AccentColor;
				CODE_SIGN_STYLE = Automatic;
				INFOPLIST_FILE = Duality.gg/Info.plist;
				LD_RUNPATH_SEARCH_PATHS = (
					"$(inherited)",
					"@executable_path/Frameworks",
				);
				PRODUCT_BUNDLE_IDENTIFIER = "team6.Duality-gg";
				PRODUCT_NAME = "$(TARGET_NAME)";
				SWIFT_VERSION = 5.0;
				TARGETED_DEVICE_FAMILY = "1,2";
			};
			name = Debug;
		};
		633428152701463F00D52040 /* Release */ = {
			isa = XCBuildConfiguration;
			baseConfigurationReference = CE4F76A439CD19D5066A2474 /* Pods-Duality.gg.release.xcconfig */;
			buildSettings = {
				ASSETCATALOG_COMPILER_APPICON_NAME = AppIcon;
				ASSETCATALOG_COMPILER_GLOBAL_ACCENT_COLOR_NAME = AccentColor;
				CODE_SIGN_STYLE = Automatic;
				INFOPLIST_FILE = Duality.gg/Info.plist;
				LD_RUNPATH_SEARCH_PATHS = (
					"$(inherited)",
					"@executable_path/Frameworks",
				);
				PRODUCT_BUNDLE_IDENTIFIER = "team6.Duality-gg";
				PRODUCT_NAME = "$(TARGET_NAME)";
				SWIFT_VERSION = 5.0;
				TARGETED_DEVICE_FAMILY = "1,2";
			};
			name = Release;
		};
/* End XCBuildConfiguration section */

/* Begin XCConfigurationList section */
		633427FA2701463E00D52040 /* Build configuration list for PBXProject "Duality.gg" */ = {
			isa = XCConfigurationList;
			buildConfigurations = (
				633428112701463F00D52040 /* Debug */,
				633428122701463F00D52040 /* Release */,
			);
			defaultConfigurationIsVisible = 0;
			defaultConfigurationName = Release;
		};
		633428132701463F00D52040 /* Build configuration list for PBXNativeTarget "Duality.gg" */ = {
			isa = XCConfigurationList;
			buildConfigurations = (
				633428142701463F00D52040 /* Debug */,
				633428152701463F00D52040 /* Release */,
			);
			defaultConfigurationIsVisible = 0;
			defaultConfigurationName = Release;
		};
/* End XCConfigurationList section */
	};
	rootObject = 633427F72701463E00D52040 /* Project object */;
}
